// !$*UTF8*$!
{
	archiveVersion = 1;
	classes = {
	};
	objectVersion = 46;
	objects = {

/* Begin PBXBuildFile section */
		126A34A9CF7D3ED8521E1DEC /* Pods_Zouqiba.framework in Frameworks */ = {isa = PBXBuildFile; fileRef = 1CC7890FF602FB33F09DDF95 /* Pods_Zouqiba.framework */; };
		630032A81D8509E00010885B /* Localizable.strings in Resources */ = {isa = PBXBuildFile; fileRef = 630032A61D8509E00010885B /* Localizable.strings */; };
		630335FA1D6221EB0051FAB8 /* BaseNavigationController.swift in Sources */ = {isa = PBXBuildFile; fileRef = 630335F91D6221EB0051FAB8 /* BaseNavigationController.swift */; };
		630335FF1D6221F50051FAB8 /* MainBasicViewController.swift in Sources */ = {isa = PBXBuildFile; fileRef = 630335FB1D6221F50051FAB8 /* MainBasicViewController.swift */; };
		630336011D6221F50051FAB8 /* CreatePhoneViewController.swift in Sources */ = {isa = PBXBuildFile; fileRef = 630335FD1D6221F50051FAB8 /* CreatePhoneViewController.swift */; };
		630336021D6221F50051FAB8 /* GlobalVariableAndFunctions.swift in Sources */ = {isa = PBXBuildFile; fileRef = 630335FE1D6221F50051FAB8 /* GlobalVariableAndFunctions.swift */; };
		630336091D6222040051FAB8 /* LeadingViewController.swift in Sources */ = {isa = PBXBuildFile; fileRef = 630336031D6222040051FAB8 /* LeadingViewController.swift */; };
		6303360A1D6222040051FAB8 /* MainExtension.swift in Sources */ = {isa = PBXBuildFile; fileRef = 630336041D6222040051FAB8 /* MainExtension.swift */; };
		6303360C1D6222040051FAB8 /* MainViewController.swift in Sources */ = {isa = PBXBuildFile; fileRef = 630336061D6222040051FAB8 /* MainViewController.swift */; };
		630336191D6222DB0051FAB8 /* Assets.xcassets in Resources */ = {isa = PBXBuildFile; fileRef = 630336181D6222DB0051FAB8 /* Assets.xcassets */; };
		6351A8491D622A38009AD9A0 /* libWeChatSDK.a in Frameworks */ = {isa = PBXBuildFile; fileRef = 6351A8451D622A38009AD9A0 /* libWeChatSDK.a */; };
		6351A84C1D622CE1009AD9A0 /* libsqlite3.0.tbd in Frameworks */ = {isa = PBXBuildFile; fileRef = 6351A84B1D622CE1009AD9A0 /* libsqlite3.0.tbd */; };
		6351A84F1D62320F009AD9A0 /* CoreTelephony.framework in Frameworks */ = {isa = PBXBuildFile; fileRef = 6351A84E1D62320F009AD9A0 /* CoreTelephony.framework */; };
		6351A8541D627C1A009AD9A0 /* LaunchScreen.storyboard in Resources */ = {isa = PBXBuildFile; fileRef = 6351A8531D627C1A009AD9A0 /* LaunchScreen.storyboard */; };
		6351A8561D627D77009AD9A0 /* MainNavViewController.swift in Sources */ = {isa = PBXBuildFile; fileRef = 6351A8551D627D77009AD9A0 /* MainNavViewController.swift */; };
		637DE70D1D668E720087F127 /* FaceDetectViewController.swift in Sources */ = {isa = PBXBuildFile; fileRef = 637DE70C1D668E720087F127 /* FaceDetectViewController.swift */; };
		637DE7121D676D050087F127 /* TableMenuView.swift in Sources */ = {isa = PBXBuildFile; fileRef = 637DE7111D676D050087F127 /* TableMenuView.swift */; };
		637DE7141D67AB5D0087F127 /* FacebookLogin.swift in Sources */ = {isa = PBXBuildFile; fileRef = 637DE7131D67AB5D0087F127 /* FacebookLogin.swift */; };
		637DE7161D67AC060087F127 /* WeChatLogin.swift in Sources */ = {isa = PBXBuildFile; fileRef = 637DE7151D67AC060087F127 /* WeChatLogin.swift */; };
		637DE7181D67AC440087F127 /* WooCommerceAPI.swift in Sources */ = {isa = PBXBuildFile; fileRef = 637DE7171D67AC440087F127 /* WooCommerceAPI.swift */; };
		637DE71B1D67FDA80087F127 /* CameraViewController.swift in Sources */ = {isa = PBXBuildFile; fileRef = 637DE71A1D67FDA80087F127 /* CameraViewController.swift */; };
		6397F6BF1D7D12C200BC3ABC /* CreateEmailViewController.swift in Sources */ = {isa = PBXBuildFile; fileRef = 6397F6BE1D7D12C200BC3ABC /* CreateEmailViewController.swift */; };
		6397F6C11D7D253C00BC3ABC /* BasicViewController.swift in Sources */ = {isa = PBXBuildFile; fileRef = 6397F6C01D7D253C00BC3ABC /* BasicViewController.swift */; };
		6397F6C31D7F23A700BC3ABC /* CreatePasswordViewController.swift in Sources */ = {isa = PBXBuildFile; fileRef = 6397F6C21D7F23A700BC3ABC /* CreatePasswordViewController.swift */; };
		6397F6C51D7F246D00BC3ABC /* CreatePasswordViewController.xib in Resources */ = {isa = PBXBuildFile; fileRef = 6397F6C41D7F246D00BC3ABC /* CreatePasswordViewController.xib */; };
		6397F6C81D7F8B0400BC3ABC /* LoginEnterPwdViewController.swift in Sources */ = {isa = PBXBuildFile; fileRef = 6397F6C61D7F8B0400BC3ABC /* LoginEnterPwdViewController.swift */; };
		6397F6C91D7F8B0400BC3ABC /* LoginEnterPwdViewController.xib in Resources */ = {isa = PBXBuildFile; fileRef = 6397F6C71D7F8B0400BC3ABC /* LoginEnterPwdViewController.xib */; };
		6397F6CB1D80965C00BC3ABC /* CreateUserHeadImageViewController.swift in Sources */ = {isa = PBXBuildFile; fileRef = 6397F6CA1D80965C00BC3ABC /* CreateUserHeadImageViewController.swift */; };
		6399C78A1D7A37CD00EC3171 /* CreateEmailViewController.xib in Resources */ = {isa = PBXBuildFile; fileRef = 6399C7881D7A37CD00EC3171 /* CreateEmailViewController.xib */; };
		63C695F91D5EA8DF0049AE3E /* AppDelegate.swift in Sources */ = {isa = PBXBuildFile; fileRef = 63C695F81D5EA8DF0049AE3E /* AppDelegate.swift */; };
		63C6960E1D5EA8DF0049AE3E /* ZouqibaTests.swift in Sources */ = {isa = PBXBuildFile; fileRef = 63C6960D1D5EA8DF0049AE3E /* ZouqibaTests.swift */; };
		63C696191D5EA8DF0049AE3E /* ZouqibaUITests.swift in Sources */ = {isa = PBXBuildFile; fileRef = 63C696181D5EA8DF0049AE3E /* ZouqibaUITests.swift */; };
		6E0B611196566505877390AB /* Pods_ZouqibaUITests.framework in Frameworks */ = {isa = PBXBuildFile; fileRef = 37E8AA16A6809B9A2D78BF21 /* Pods_ZouqibaUITests.framework */; };
		E65F1658464D32C9AE29D9BE /* Pods_ZouqibaTests.framework in Frameworks */ = {isa = PBXBuildFile; fileRef = 46A2DDC2C7691CE3D356D9BE /* Pods_ZouqibaTests.framework */; };
/* End PBXBuildFile section */

/* Begin PBXContainerItemProxy section */
		63C6960A1D5EA8DF0049AE3E /* PBXContainerItemProxy */ = {
			isa = PBXContainerItemProxy;
			containerPortal = 63C695ED1D5EA8DF0049AE3E /* Project object */;
			proxyType = 1;
			remoteGlobalIDString = 63C695F41D5EA8DF0049AE3E;
			remoteInfo = Zouqiba;
		};
		63C696151D5EA8DF0049AE3E /* PBXContainerItemProxy */ = {
			isa = PBXContainerItemProxy;
			containerPortal = 63C695ED1D5EA8DF0049AE3E /* Project object */;
			proxyType = 1;
			remoteGlobalIDString = 63C695F41D5EA8DF0049AE3E;
			remoteInfo = Zouqiba;
		};
/* End PBXContainerItemProxy section */

/* Begin PBXFileReference section */
		1BFE5FDEEB37C71043920E81 /* Pods-ZouqibaUITests.release.xcconfig */ = {isa = PBXFileReference; includeInIndex = 1; lastKnownFileType = text.xcconfig; name = "Pods-ZouqibaUITests.release.xcconfig"; path = "Pods/Target Support Files/Pods-ZouqibaUITests/Pods-ZouqibaUITests.release.xcconfig"; sourceTree = "<group>"; };
		1CC7890FF602FB33F09DDF95 /* Pods_Zouqiba.framework */ = {isa = PBXFileReference; explicitFileType = wrapper.framework; includeInIndex = 0; path = Pods_Zouqiba.framework; sourceTree = BUILT_PRODUCTS_DIR; };
		33F575CB2540E692322F6B55 /* Pods-ZouqibaUITests.debug.xcconfig */ = {isa = PBXFileReference; includeInIndex = 1; lastKnownFileType = text.xcconfig; name = "Pods-ZouqibaUITests.debug.xcconfig"; path = "Pods/Target Support Files/Pods-ZouqibaUITests/Pods-ZouqibaUITests.debug.xcconfig"; sourceTree = "<group>"; };
		37E8AA16A6809B9A2D78BF21 /* Pods_ZouqibaUITests.framework */ = {isa = PBXFileReference; explicitFileType = wrapper.framework; includeInIndex = 0; path = Pods_ZouqibaUITests.framework; sourceTree = BUILT_PRODUCTS_DIR; };
		46A2DDC2C7691CE3D356D9BE /* Pods_ZouqibaTests.framework */ = {isa = PBXFileReference; explicitFileType = wrapper.framework; includeInIndex = 0; path = Pods_ZouqibaTests.framework; sourceTree = BUILT_PRODUCTS_DIR; };
		630032A71D8509E00010885B /* en */ = {isa = PBXFileReference; lastKnownFileType = text.plist.strings; name = en; path = en.lproj/Localizable.strings; sourceTree = "<group>"; };
		630032A91D850A0F0010885B /* zh-Hans */ = {isa = PBXFileReference; lastKnownFileType = text.plist.strings; name = "zh-Hans"; path = "zh-Hans.lproj/Localizable.strings"; sourceTree = "<group>"; };
		630032AA1D852BE70010885B /* zh-Hant */ = {isa = PBXFileReference; lastKnownFileType = text.plist.strings; name = "zh-Hant"; path = "zh-Hant.lproj/Localizable.strings"; sourceTree = "<group>"; };
		630335F91D6221EB0051FAB8 /* BaseNavigationController.swift */ = {isa = PBXFileReference; fileEncoding = 4; lastKnownFileType = sourcecode.swift; path = BaseNavigationController.swift; sourceTree = "<group>"; };
		630335FB1D6221F50051FAB8 /* MainBasicViewController.swift */ = {isa = PBXFileReference; fileEncoding = 4; lastKnownFileType = sourcecode.swift; lineEnding = 0; path = MainBasicViewController.swift; sourceTree = "<group>"; xcLanguageSpecificationIdentifier = xcode.lang.swift; };
		630335FD1D6221F50051FAB8 /* CreatePhoneViewController.swift */ = {isa = PBXFileReference; fileEncoding = 4; lastKnownFileType = sourcecode.swift; path = CreatePhoneViewController.swift; sourceTree = "<group>"; };
		630335FE1D6221F50051FAB8 /* GlobalVariableAndFunctions.swift */ = {isa = PBXFileReference; fileEncoding = 4; lastKnownFileType = sourcecode.swift; path = GlobalVariableAndFunctions.swift; sourceTree = "<group>"; };
		630336031D6222040051FAB8 /* LeadingViewController.swift */ = {isa = PBXFileReference; fileEncoding = 4; lastKnownFileType = sourcecode.swift; path = LeadingViewController.swift; sourceTree = "<group>"; };
		630336041D6222040051FAB8 /* MainExtension.swift */ = {isa = PBXFileReference; fileEncoding = 4; lastKnownFileType = sourcecode.swift; path = MainExtension.swift; sourceTree = "<group>"; };
		630336061D6222040051FAB8 /* MainViewController.swift */ = {isa = PBXFileReference; fileEncoding = 4; lastKnownFileType = sourcecode.swift; lineEnding = 0; path = MainViewController.swift; sourceTree = "<group>"; xcLanguageSpecificationIdentifier = xcode.lang.swift; };
		630336181D6222DB0051FAB8 /* Assets.xcassets */ = {isa = PBXFileReference; lastKnownFileType = folder.assetcatalog; path = Assets.xcassets; sourceTree = "<group>"; };
		6351A8451D622A38009AD9A0 /* libWeChatSDK.a */ = {isa = PBXFileReference; lastKnownFileType = archive.ar; path = libWeChatSDK.a; sourceTree = "<group>"; };
		6351A8461D622A38009AD9A0 /* WechatAuthSDK.h */ = {isa = PBXFileReference; fileEncoding = 4; lastKnownFileType = sourcecode.c.h; path = WechatAuthSDK.h; sourceTree = "<group>"; };
		6351A8471D622A38009AD9A0 /* WXApi.h */ = {isa = PBXFileReference; fileEncoding = 4; lastKnownFileType = sourcecode.c.h; path = WXApi.h; sourceTree = "<group>"; };
		6351A8481D622A38009AD9A0 /* WXApiObject.h */ = {isa = PBXFileReference; fileEncoding = 4; lastKnownFileType = sourcecode.c.h; path = WXApiObject.h; sourceTree = "<group>"; };
		6351A84A1D622A51009AD9A0 /* Zouqiba-Bridging-Header.h */ = {isa = PBXFileReference; lastKnownFileType = sourcecode.c.h; path = "Zouqiba-Bridging-Header.h"; sourceTree = "<group>"; };
		6351A84B1D622CE1009AD9A0 /* libsqlite3.0.tbd */ = {isa = PBXFileReference; lastKnownFileType = "sourcecode.text-based-dylib-definition"; name = libsqlite3.0.tbd; path = usr/lib/libsqlite3.0.tbd; sourceTree = SDKROOT; };
		6351A84E1D62320F009AD9A0 /* CoreTelephony.framework */ = {isa = PBXFileReference; lastKnownFileType = wrapper.framework; name = CoreTelephony.framework; path = System/Library/Frameworks/CoreTelephony.framework; sourceTree = SDKROOT; };
		6351A8531D627C1A009AD9A0 /* LaunchScreen.storyboard */ = {isa = PBXFileReference; fileEncoding = 4; lastKnownFileType = file.storyboard; path = LaunchScreen.storyboard; sourceTree = "<group>"; };
		6351A8551D627D77009AD9A0 /* MainNavViewController.swift */ = {isa = PBXFileReference; fileEncoding = 4; lastKnownFileType = sourcecode.swift; path = MainNavViewController.swift; sourceTree = "<group>"; };
		637DE70C1D668E720087F127 /* FaceDetectViewController.swift */ = {isa = PBXFileReference; fileEncoding = 4; lastKnownFileType = sourcecode.swift; path = FaceDetectViewController.swift; sourceTree = "<group>"; };
		637DE7111D676D050087F127 /* TableMenuView.swift */ = {isa = PBXFileReference; fileEncoding = 4; lastKnownFileType = sourcecode.swift; path = TableMenuView.swift; sourceTree = "<group>"; };
		637DE7131D67AB5D0087F127 /* FacebookLogin.swift */ = {isa = PBXFileReference; fileEncoding = 4; lastKnownFileType = sourcecode.swift; path = FacebookLogin.swift; sourceTree = "<group>"; };
		637DE7151D67AC060087F127 /* WeChatLogin.swift */ = {isa = PBXFileReference; fileEncoding = 4; lastKnownFileType = sourcecode.swift; path = WeChatLogin.swift; sourceTree = "<group>"; };
		637DE7171D67AC440087F127 /* WooCommerceAPI.swift */ = {isa = PBXFileReference; fileEncoding = 4; lastKnownFileType = sourcecode.swift; lineEnding = 0; path = WooCommerceAPI.swift; sourceTree = "<group>"; xcLanguageSpecificationIdentifier = xcode.lang.swift; };
		637DE71A1D67FDA80087F127 /* CameraViewController.swift */ = {isa = PBXFileReference; fileEncoding = 4; lastKnownFileType = sourcecode.swift; path = CameraViewController.swift; sourceTree = "<group>"; };
		6397F6BE1D7D12C200BC3ABC /* CreateEmailViewController.swift */ = {isa = PBXFileReference; fileEncoding = 4; lastKnownFileType = sourcecode.swift; path = CreateEmailViewController.swift; sourceTree = "<group>"; };
		6397F6C01D7D253C00BC3ABC /* BasicViewController.swift */ = {isa = PBXFileReference; fileEncoding = 4; lastKnownFileType = sourcecode.swift; path = BasicViewController.swift; sourceTree = "<group>"; };
		6397F6C21D7F23A700BC3ABC /* CreatePasswordViewController.swift */ = {isa = PBXFileReference; fileEncoding = 4; lastKnownFileType = sourcecode.swift; path = CreatePasswordViewController.swift; sourceTree = "<group>"; };
		6397F6C41D7F246D00BC3ABC /* CreatePasswordViewController.xib */ = {isa = PBXFileReference; fileEncoding = 4; lastKnownFileType = file.xib; path = CreatePasswordViewController.xib; sourceTree = "<group>"; };
		6397F6C61D7F8B0400BC3ABC /* LoginEnterPwdViewController.swift */ = {isa = PBXFileReference; fileEncoding = 4; lastKnownFileType = sourcecode.swift; path = LoginEnterPwdViewController.swift; sourceTree = "<group>"; };
		6397F6C71D7F8B0400BC3ABC /* LoginEnterPwdViewController.xib */ = {isa = PBXFileReference; fileEncoding = 4; lastKnownFileType = file.xib; path = LoginEnterPwdViewController.xib; sourceTree = "<group>"; };
		6397F6CA1D80965C00BC3ABC /* CreateUserHeadImageViewController.swift */ = {isa = PBXFileReference; fileEncoding = 4; lastKnownFileType = sourcecode.swift; path = CreateUserHeadImageViewController.swift; sourceTree = "<group>"; };
		6399C7881D7A37CD00EC3171 /* CreateEmailViewController.xib */ = {isa = PBXFileReference; fileEncoding = 4; lastKnownFileType = file.xib; path = CreateEmailViewController.xib; sourceTree = "<group>"; };
		63C695F51D5EA8DF0049AE3E /* Zouqiba.app */ = {isa = PBXFileReference; explicitFileType = wrapper.application; includeInIndex = 0; path = Zouqiba.app; sourceTree = BUILT_PRODUCTS_DIR; };
		63C695F81D5EA8DF0049AE3E /* AppDelegate.swift */ = {isa = PBXFileReference; lastKnownFileType = sourcecode.swift; path = AppDelegate.swift; sourceTree = "<group>"; };
		63C696041D5EA8DF0049AE3E /* Info.plist */ = {isa = PBXFileReference; lastKnownFileType = text.plist.xml; path = Info.plist; sourceTree = "<group>"; };
		63C696091D5EA8DF0049AE3E /* ZouqibaTests.xctest */ = {isa = PBXFileReference; explicitFileType = wrapper.cfbundle; includeInIndex = 0; path = ZouqibaTests.xctest; sourceTree = BUILT_PRODUCTS_DIR; };
		63C6960D1D5EA8DF0049AE3E /* ZouqibaTests.swift */ = {isa = PBXFileReference; lastKnownFileType = sourcecode.swift; path = ZouqibaTests.swift; sourceTree = "<group>"; };
		63C6960F1D5EA8DF0049AE3E /* Info.plist */ = {isa = PBXFileReference; lastKnownFileType = text.plist.xml; path = Info.plist; sourceTree = "<group>"; };
		63C696141D5EA8DF0049AE3E /* ZouqibaUITests.xctest */ = {isa = PBXFileReference; explicitFileType = wrapper.cfbundle; includeInIndex = 0; path = ZouqibaUITests.xctest; sourceTree = BUILT_PRODUCTS_DIR; };
		63C696181D5EA8DF0049AE3E /* ZouqibaUITests.swift */ = {isa = PBXFileReference; lastKnownFileType = sourcecode.swift; path = ZouqibaUITests.swift; sourceTree = "<group>"; };
		63C6961A1D5EA8DF0049AE3E /* Info.plist */ = {isa = PBXFileReference; lastKnownFileType = text.plist.xml; path = Info.plist; sourceTree = "<group>"; };
		7EF7BFB8DD2C57176285C801 /* Pods-Zouqiba.release.xcconfig */ = {isa = PBXFileReference; includeInIndex = 1; lastKnownFileType = text.xcconfig; name = "Pods-Zouqiba.release.xcconfig"; path = "Pods/Target Support Files/Pods-Zouqiba/Pods-Zouqiba.release.xcconfig"; sourceTree = "<group>"; };
		94FF06EBB4E5DFF4BEC13839 /* Pods-ZouqibaTests.release.xcconfig */ = {isa = PBXFileReference; includeInIndex = 1; lastKnownFileType = text.xcconfig; name = "Pods-ZouqibaTests.release.xcconfig"; path = "Pods/Target Support Files/Pods-ZouqibaTests/Pods-ZouqibaTests.release.xcconfig"; sourceTree = "<group>"; };
		AAD1275034D7AB87EB34F172 /* Pods-ZouqibaTests.debug.xcconfig */ = {isa = PBXFileReference; includeInIndex = 1; lastKnownFileType = text.xcconfig; name = "Pods-ZouqibaTests.debug.xcconfig"; path = "Pods/Target Support Files/Pods-ZouqibaTests/Pods-ZouqibaTests.debug.xcconfig"; sourceTree = "<group>"; };
		C21BCCA9495270319247E751 /* Pods-Zouqiba.debug.xcconfig */ = {isa = PBXFileReference; includeInIndex = 1; lastKnownFileType = text.xcconfig; name = "Pods-Zouqiba.debug.xcconfig"; path = "Pods/Target Support Files/Pods-Zouqiba/Pods-Zouqiba.debug.xcconfig"; sourceTree = "<group>"; };
/* End PBXFileReference section */

/* Begin PBXFrameworksBuildPhase section */
		63C695F21D5EA8DF0049AE3E /* Frameworks */ = {
			isa = PBXFrameworksBuildPhase;
			buildActionMask = 2147483647;
			files = (
				6351A84F1D62320F009AD9A0 /* CoreTelephony.framework in Frameworks */,
				6351A84C1D622CE1009AD9A0 /* libsqlite3.0.tbd in Frameworks */,
				6351A8491D622A38009AD9A0 /* libWeChatSDK.a in Frameworks */,
				126A34A9CF7D3ED8521E1DEC /* Pods_Zouqiba.framework in Frameworks */,
			);
			runOnlyForDeploymentPostprocessing = 0;
		};
		63C696061D5EA8DF0049AE3E /* Frameworks */ = {
			isa = PBXFrameworksBuildPhase;
			buildActionMask = 2147483647;
			files = (
				E65F1658464D32C9AE29D9BE /* Pods_ZouqibaTests.framework in Frameworks */,
			);
			runOnlyForDeploymentPostprocessing = 0;
		};
		63C696111D5EA8DF0049AE3E /* Frameworks */ = {
			isa = PBXFrameworksBuildPhase;
			buildActionMask = 2147483647;
			files = (
				6E0B611196566505877390AB /* Pods_ZouqibaUITests.framework in Frameworks */,
			);
			runOnlyForDeploymentPostprocessing = 0;
		};
/* End PBXFrameworksBuildPhase section */

/* Begin PBXGroup section */
		4A29372C2375D7FC1FA7F659 /* Frameworks */ = {
			isa = PBXGroup;
			children = (
				6351A84E1D62320F009AD9A0 /* CoreTelephony.framework */,
				6351A84B1D622CE1009AD9A0 /* libsqlite3.0.tbd */,
				6351A8451D622A38009AD9A0 /* libWeChatSDK.a */,
				6351A8461D622A38009AD9A0 /* WechatAuthSDK.h */,
				6351A8471D622A38009AD9A0 /* WXApi.h */,
				6351A8481D622A38009AD9A0 /* WXApiObject.h */,
				1CC7890FF602FB33F09DDF95 /* Pods_Zouqiba.framework */,
				46A2DDC2C7691CE3D356D9BE /* Pods_ZouqibaTests.framework */,
				37E8AA16A6809B9A2D78BF21 /* Pods_ZouqibaUITests.framework */,
			);
			name = Frameworks;
			sourceTree = "<group>";
		};
		6303360F1D6222320051FAB8 /* Classes */ = {
			isa = PBXGroup;
			children = (
				637DE7191D67AC510087F127 /* WooCommerce */,
				637DE7101D676CE40087F127 /* TableMenu */,
				637DE70B1D668E5C0087F127 /* Camera */,
				630336121D6222690051FAB8 /* Verify */,
				630336111D62225E0051FAB8 /* Leading */,
				630336131D62227B0051FAB8 /* Basic */,
				630336101D62223C0051FAB8 /* Main */,
			);
			name = Classes;
			sourceTree = "<group>";
		};
		630336101D62223C0051FAB8 /* Main */ = {
			isa = PBXGroup;
			children = (
				630335FB1D6221F50051FAB8 /* MainBasicViewController.swift */,
				630336041D6222040051FAB8 /* MainExtension.swift */,
				630336061D6222040051FAB8 /* MainViewController.swift */,
				6351A8551D627D77009AD9A0 /* MainNavViewController.swift */,
			);
			name = Main;
			sourceTree = "<group>";
		};
		630336111D62225E0051FAB8 /* Leading */ = {
			isa = PBXGroup;
			children = (
				630336031D6222040051FAB8 /* LeadingViewController.swift */,
			);
			name = Leading;
			sourceTree = "<group>";
		};
		630336121D6222690051FAB8 /* Verify */ = {
			isa = PBXGroup;
			children = (
				630335FD1D6221F50051FAB8 /* CreatePhoneViewController.swift */,
				637DE7131D67AB5D0087F127 /* FacebookLogin.swift */,
				637DE7151D67AC060087F127 /* WeChatLogin.swift */,
				6397F6BE1D7D12C200BC3ABC /* CreateEmailViewController.swift */,
				6399C7881D7A37CD00EC3171 /* CreateEmailViewController.xib */,
				6397F6C21D7F23A700BC3ABC /* CreatePasswordViewController.swift */,
				6397F6C41D7F246D00BC3ABC /* CreatePasswordViewController.xib */,
				6397F6C61D7F8B0400BC3ABC /* LoginEnterPwdViewController.swift */,
				6397F6C71D7F8B0400BC3ABC /* LoginEnterPwdViewController.xib */,
			);
			name = Verify;
			sourceTree = "<group>";
		};
		630336131D62227B0051FAB8 /* Basic */ = {
			isa = PBXGroup;
			children = (
				630335FE1D6221F50051FAB8 /* GlobalVariableAndFunctions.swift */,
				630335F91D6221EB0051FAB8 /* BaseNavigationController.swift */,
				6397F6C01D7D253C00BC3ABC /* BasicViewController.swift */,
			);
			name = Basic;
			sourceTree = "<group>";
		};
		637DE70B1D668E5C0087F127 /* Camera */ = {
			isa = PBXGroup;
			children = (
				637DE70C1D668E720087F127 /* FaceDetectViewController.swift */,
				637DE71A1D67FDA80087F127 /* CameraViewController.swift */,
				6397F6CA1D80965C00BC3ABC /* CreateUserHeadImageViewController.swift */,
			);
			name = Camera;
			sourceTree = "<group>";
		};
		637DE7101D676CE40087F127 /* TableMenu */ = {
			isa = PBXGroup;
			children = (
				637DE7111D676D050087F127 /* TableMenuView.swift */,
			);
			name = TableMenu;
			sourceTree = "<group>";
		};
		637DE7191D67AC510087F127 /* WooCommerce */ = {
			isa = PBXGroup;
			children = (
				637DE7171D67AC440087F127 /* WooCommerceAPI.swift */,
			);
			name = WooCommerce;
			sourceTree = "<group>";
		};
		63C695EC1D5EA8DF0049AE3E = {
			isa = PBXGroup;
			children = (
				6351A84A1D622A51009AD9A0 /* Zouqiba-Bridging-Header.h */,
				63C695F71D5EA8DF0049AE3E /* Zouqiba */,
				63C6960C1D5EA8DF0049AE3E /* ZouqibaTests */,
				63C696171D5EA8DF0049AE3E /* ZouqibaUITests */,
				63C695F61D5EA8DF0049AE3E /* Products */,
				E75FBF2B658CB6EF46D556EC /* Pods */,
				4A29372C2375D7FC1FA7F659 /* Frameworks */,
			);
			sourceTree = "<group>";
		};
		63C695F61D5EA8DF0049AE3E /* Products */ = {
			isa = PBXGroup;
			children = (
				63C695F51D5EA8DF0049AE3E /* Zouqiba.app */,
				63C696091D5EA8DF0049AE3E /* ZouqibaTests.xctest */,
				63C696141D5EA8DF0049AE3E /* ZouqibaUITests.xctest */,
			);
			name = Products;
			sourceTree = "<group>";
		};
		63C695F71D5EA8DF0049AE3E /* Zouqiba */ = {
			isa = PBXGroup;
			children = (
				630032A61D8509E00010885B /* Localizable.strings */,
				630336181D6222DB0051FAB8 /* Assets.xcassets */,
				6351A8531D627C1A009AD9A0 /* LaunchScreen.storyboard */,
				63C695F81D5EA8DF0049AE3E /* AppDelegate.swift */,
				63C696041D5EA8DF0049AE3E /* Info.plist */,
				6303360F1D6222320051FAB8 /* Classes */,
			);
			path = Zouqiba;
			sourceTree = "<group>";
		};
		63C6960C1D5EA8DF0049AE3E /* ZouqibaTests */ = {
			isa = PBXGroup;
			children = (
				63C6960D1D5EA8DF0049AE3E /* ZouqibaTests.swift */,
				63C6960F1D5EA8DF0049AE3E /* Info.plist */,
			);
			path = ZouqibaTests;
			sourceTree = "<group>";
		};
		63C696171D5EA8DF0049AE3E /* ZouqibaUITests */ = {
			isa = PBXGroup;
			children = (
				63C696181D5EA8DF0049AE3E /* ZouqibaUITests.swift */,
				63C6961A1D5EA8DF0049AE3E /* Info.plist */,
			);
			path = ZouqibaUITests;
			sourceTree = "<group>";
		};
		E75FBF2B658CB6EF46D556EC /* Pods */ = {
			isa = PBXGroup;
			children = (
				C21BCCA9495270319247E751 /* Pods-Zouqiba.debug.xcconfig */,
				7EF7BFB8DD2C57176285C801 /* Pods-Zouqiba.release.xcconfig */,
				AAD1275034D7AB87EB34F172 /* Pods-ZouqibaTests.debug.xcconfig */,
				94FF06EBB4E5DFF4BEC13839 /* Pods-ZouqibaTests.release.xcconfig */,
				33F575CB2540E692322F6B55 /* Pods-ZouqibaUITests.debug.xcconfig */,
				1BFE5FDEEB37C71043920E81 /* Pods-ZouqibaUITests.release.xcconfig */,
			);
			name = Pods;
			sourceTree = "<group>";
		};
/* End PBXGroup section */

/* Begin PBXNativeTarget section */
		63C695F41D5EA8DF0049AE3E /* Zouqiba */ = {
			isa = PBXNativeTarget;
			buildConfigurationList = 63C6961D1D5EA8DF0049AE3E /* Build configuration list for PBXNativeTarget "Zouqiba" */;
			buildPhases = (
				99FD07F35619178631C9429F /* [CP] Check Pods Manifest.lock */,
				63C695F11D5EA8DF0049AE3E /* Sources */,
				63C695F21D5EA8DF0049AE3E /* Frameworks */,
				63C695F31D5EA8DF0049AE3E /* Resources */,
				4C2C931782E0DF408ADB4E0F /* [CP] Embed Pods Frameworks */,
				0F06E72672CC99A7CA0BB106 /* [CP] Copy Pods Resources */,
				6351A84D1D622D2F009AD9A0 /* ShellScript */,
			);
			buildRules = (
			);
			dependencies = (
			);
			name = Zouqiba;
			productName = Zouqiba;
			productReference = 63C695F51D5EA8DF0049AE3E /* Zouqiba.app */;
			productType = "com.apple.product-type.application";
		};
		63C696081D5EA8DF0049AE3E /* ZouqibaTests */ = {
			isa = PBXNativeTarget;
			buildConfigurationList = 63C696201D5EA8DF0049AE3E /* Build configuration list for PBXNativeTarget "ZouqibaTests" */;
			buildPhases = (
				AA2A3BD4B9ED92DC057016F6 /* [CP] Check Pods Manifest.lock */,
				63C696051D5EA8DF0049AE3E /* Sources */,
				63C696061D5EA8DF0049AE3E /* Frameworks */,
				63C696071D5EA8DF0049AE3E /* Resources */,
				102047CFA89C419152A5892B /* [CP] Embed Pods Frameworks */,
				EAC7FCB0C6900B85F5E4CF76 /* [CP] Copy Pods Resources */,
			);
			buildRules = (
			);
			dependencies = (
				63C6960B1D5EA8DF0049AE3E /* PBXTargetDependency */,
			);
			name = ZouqibaTests;
			productName = ZouqibaTests;
			productReference = 63C696091D5EA8DF0049AE3E /* ZouqibaTests.xctest */;
			productType = "com.apple.product-type.bundle.unit-test";
		};
		63C696131D5EA8DF0049AE3E /* ZouqibaUITests */ = {
			isa = PBXNativeTarget;
			buildConfigurationList = 63C696231D5EA8DF0049AE3E /* Build configuration list for PBXNativeTarget "ZouqibaUITests" */;
			buildPhases = (
				9794ACE17532C08163F63922 /* [CP] Check Pods Manifest.lock */,
				63C696101D5EA8DF0049AE3E /* Sources */,
				63C696111D5EA8DF0049AE3E /* Frameworks */,
				63C696121D5EA8DF0049AE3E /* Resources */,
				A0222CF6D758BD05F5297B2F /* [CP] Copy Pods Resources */,
				0AC6BC0BF04F9D3A84501253 /* [CP] Embed Pods Frameworks */,
			);
			buildRules = (
			);
			dependencies = (
				63C696161D5EA8DF0049AE3E /* PBXTargetDependency */,
			);
			name = ZouqibaUITests;
			productName = ZouqibaUITests;
			productReference = 63C696141D5EA8DF0049AE3E /* ZouqibaUITests.xctest */;
			productType = "com.apple.product-type.bundle.ui-testing";
		};
/* End PBXNativeTarget section */

/* Begin PBXProject section */
		63C695ED1D5EA8DF0049AE3E /* Project object */ = {
			isa = PBXProject;
			attributes = {
				LastSwiftUpdateCheck = 0730;
				LastUpgradeCheck = 0800;
				ORGANIZATIONNAME = Miibox;
				TargetAttributes = {
					63C695F41D5EA8DF0049AE3E = {
						CreatedOnToolsVersion = 7.3.1;
						DevelopmentTeam = VBFKBVHL4L;
						LastSwiftMigration = 0800;
						SystemCapabilities = {
							com.apple.BackgroundModes = {
								enabled = 1;
							};
						};
					};
					63C696081D5EA8DF0049AE3E = {
						CreatedOnToolsVersion = 7.3.1;
						LastSwiftMigration = 0800;
						TestTargetID = 63C695F41D5EA8DF0049AE3E;
					};
					63C696131D5EA8DF0049AE3E = {
						CreatedOnToolsVersion = 7.3.1;
						LastSwiftMigration = 0800;
						TestTargetID = 63C695F41D5EA8DF0049AE3E;
					};
				};
			};
			buildConfigurationList = 63C695F01D5EA8DF0049AE3E /* Build configuration list for PBXProject "Zouqiba" */;
			compatibilityVersion = "Xcode 3.2";
			developmentRegion = English;
			hasScannedForEncodings = 0;
			knownRegions = (
				en,
				en,
				"zh-Hans",
				"zh-Hant",
			);
			mainGroup = 63C695EC1D5EA8DF0049AE3E;
			productRefGroup = 63C695F61D5EA8DF0049AE3E /* Products */;
			projectDirPath = "";
			projectRoot = "";
			targets = (
				63C695F41D5EA8DF0049AE3E /* Zouqiba */,
				63C696081D5EA8DF0049AE3E /* ZouqibaTests */,
				63C696131D5EA8DF0049AE3E /* ZouqibaUITests */,
			);
		};
/* End PBXProject section */

/* Begin PBXResourcesBuildPhase section */
		63C695F31D5EA8DF0049AE3E /* Resources */ = {
			isa = PBXResourcesBuildPhase;
			buildActionMask = 2147483647;
			files = (
				6351A8541D627C1A009AD9A0 /* LaunchScreen.storyboard in Resources */,
				6399C78A1D7A37CD00EC3171 /* CreateEmailViewController.xib in Resources */,
				630032A81D8509E00010885B /* Localizable.strings in Resources */,
				6397F6C91D7F8B0400BC3ABC /* LoginEnterPwdViewController.xib in Resources */,
				6397F6C51D7F246D00BC3ABC /* CreatePasswordViewController.xib in Resources */,
				630336191D6222DB0051FAB8 /* Assets.xcassets in Resources */,
			);
			runOnlyForDeploymentPostprocessing = 0;
		};
		63C696071D5EA8DF0049AE3E /* Resources */ = {
			isa = PBXResourcesBuildPhase;
			buildActionMask = 2147483647;
			files = (
			);
			runOnlyForDeploymentPostprocessing = 0;
		};
		63C696121D5EA8DF0049AE3E /* Resources */ = {
			isa = PBXResourcesBuildPhase;
			buildActionMask = 2147483647;
			files = (
			);
			runOnlyForDeploymentPostprocessing = 0;
		};
/* End PBXResourcesBuildPhase section */

/* Begin PBXShellScriptBuildPhase section */
		0AC6BC0BF04F9D3A84501253 /* [CP] Embed Pods Frameworks */ = {
			isa = PBXShellScriptBuildPhase;
			buildActionMask = 2147483647;
			files = (
			);
			inputPaths = (
			);
			name = "[CP] Embed Pods Frameworks";
			outputPaths = (
			);
			runOnlyForDeploymentPostprocessing = 0;
			shellPath = /bin/sh;
			shellScript = "\"${SRCROOT}/Pods/Target Support Files/Pods-ZouqibaUITests/Pods-ZouqibaUITests-frameworks.sh\"\n";
			showEnvVarsInLog = 0;
		};
		0F06E72672CC99A7CA0BB106 /* [CP] Copy Pods Resources */ = {
			isa = PBXShellScriptBuildPhase;
			buildActionMask = 2147483647;
			files = (
			);
			inputPaths = (
			);
			name = "[CP] Copy Pods Resources";
			outputPaths = (
			);
			runOnlyForDeploymentPostprocessing = 0;
			shellPath = /bin/sh;
			shellScript = "\"${SRCROOT}/Pods/Target Support Files/Pods-Zouqiba/Pods-Zouqiba-resources.sh\"\n";
			showEnvVarsInLog = 0;
		};
		102047CFA89C419152A5892B /* [CP] Embed Pods Frameworks */ = {
			isa = PBXShellScriptBuildPhase;
			buildActionMask = 2147483647;
			files = (
			);
			inputPaths = (
			);
			name = "[CP] Embed Pods Frameworks";
			outputPaths = (
			);
			runOnlyForDeploymentPostprocessing = 0;
			shellPath = /bin/sh;
			shellScript = "\"${SRCROOT}/Pods/Target Support Files/Pods-ZouqibaTests/Pods-ZouqibaTests-frameworks.sh\"\n";
			showEnvVarsInLog = 0;
		};
		4C2C931782E0DF408ADB4E0F /* [CP] Embed Pods Frameworks */ = {
			isa = PBXShellScriptBuildPhase;
			buildActionMask = 2147483647;
			files = (
			);
			inputPaths = (
			);
			name = "[CP] Embed Pods Frameworks";
			outputPaths = (
			);
			runOnlyForDeploymentPostprocessing = 0;
			shellPath = /bin/sh;
			shellScript = "\"${SRCROOT}/Pods/Target Support Files/Pods-Zouqiba/Pods-Zouqiba-frameworks.sh\"\n";
			showEnvVarsInLog = 0;
		};
		6351A84D1D622D2F009AD9A0 /* ShellScript */ = {
			isa = PBXShellScriptBuildPhase;
			buildActionMask = 2147483647;
			files = (
			);
			inputPaths = (
			);
			outputPaths = (
			);
			runOnlyForDeploymentPostprocessing = 0;
			shellPath = /bin/sh;
			shellScript = "\"${PODS_ROOT}/Fabric/run\" 24582e4458ef255c09e588db634dd8a7a8739499 b5eb8c3556bb78d9ff94dc79469ca36b25c278f8e9019f0186c0fb8e921ae5dd";
			showEnvVarsInLog = 0;
		};
		9794ACE17532C08163F63922 /* [CP] Check Pods Manifest.lock */ = {
			isa = PBXShellScriptBuildPhase;
			buildActionMask = 2147483647;
			files = (
			);
			inputPaths = (
			);
			name = "[CP] Check Pods Manifest.lock";
			outputPaths = (
			);
			runOnlyForDeploymentPostprocessing = 0;
			shellPath = /bin/sh;
			shellScript = "diff \"${PODS_ROOT}/../Podfile.lock\" \"${PODS_ROOT}/Manifest.lock\" > /dev/null\nif [ $? != 0 ] ; then\n    # print error to STDERR\n    echo \"error: The sandbox is not in sync with the Podfile.lock. Run 'pod install' or update your CocoaPods installation.\" >&2\n    exit 1\nfi\n";
			showEnvVarsInLog = 0;
		};
		99FD07F35619178631C9429F /* [CP] Check Pods Manifest.lock */ = {
			isa = PBXShellScriptBuildPhase;
			buildActionMask = 2147483647;
			files = (
			);
			inputPaths = (
			);
			name = "[CP] Check Pods Manifest.lock";
			outputPaths = (
			);
			runOnlyForDeploymentPostprocessing = 0;
			shellPath = /bin/sh;
			shellScript = "diff \"${PODS_ROOT}/../Podfile.lock\" \"${PODS_ROOT}/Manifest.lock\" > /dev/null\nif [ $? != 0 ] ; then\n    # print error to STDERR\n    echo \"error: The sandbox is not in sync with the Podfile.lock. Run 'pod install' or update your CocoaPods installation.\" >&2\n    exit 1\nfi\n";
			showEnvVarsInLog = 0;
		};
		A0222CF6D758BD05F5297B2F /* [CP] Copy Pods Resources */ = {
			isa = PBXShellScriptBuildPhase;
			buildActionMask = 2147483647;
			files = (
			);
			inputPaths = (
			);
			name = "[CP] Copy Pods Resources";
			outputPaths = (
			);
			runOnlyForDeploymentPostprocessing = 0;
			shellPath = /bin/sh;
			shellScript = "\"${SRCROOT}/Pods/Target Support Files/Pods-ZouqibaUITests/Pods-ZouqibaUITests-resources.sh\"\n";
			showEnvVarsInLog = 0;
		};
		AA2A3BD4B9ED92DC057016F6 /* [CP] Check Pods Manifest.lock */ = {
			isa = PBXShellScriptBuildPhase;
			buildActionMask = 2147483647;
			files = (
			);
			inputPaths = (
			);
			name = "[CP] Check Pods Manifest.lock";
			outputPaths = (
			);
			runOnlyForDeploymentPostprocessing = 0;
			shellPath = /bin/sh;
			shellScript = "diff \"${PODS_ROOT}/../Podfile.lock\" \"${PODS_ROOT}/Manifest.lock\" > /dev/null\nif [ $? != 0 ] ; then\n    # print error to STDERR\n    echo \"error: The sandbox is not in sync with the Podfile.lock. Run 'pod install' or update your CocoaPods installation.\" >&2\n    exit 1\nfi\n";
			showEnvVarsInLog = 0;
		};
		EAC7FCB0C6900B85F5E4CF76 /* [CP] Copy Pods Resources */ = {
			isa = PBXShellScriptBuildPhase;
			buildActionMask = 2147483647;
			files = (
			);
			inputPaths = (
			);
			name = "[CP] Copy Pods Resources";
			outputPaths = (
			);
			runOnlyForDeploymentPostprocessing = 0;
			shellPath = /bin/sh;
			shellScript = "\"${SRCROOT}/Pods/Target Support Files/Pods-ZouqibaTests/Pods-ZouqibaTests-resources.sh\"\n";
			showEnvVarsInLog = 0;
		};
/* End PBXShellScriptBuildPhase section */

/* Begin PBXSourcesBuildPhase section */
		63C695F11D5EA8DF0049AE3E /* Sources */ = {
			isa = PBXSourcesBuildPhase;
			buildActionMask = 2147483647;
			files = (
				6397F6BF1D7D12C200BC3ABC /* CreateEmailViewController.swift in Sources */,
				6397F6C11D7D253C00BC3ABC /* BasicViewController.swift in Sources */,
				630336021D6221F50051FAB8 /* GlobalVariableAndFunctions.swift in Sources */,
				6303360C1D6222040051FAB8 /* MainViewController.swift in Sources */,
				637DE7141D67AB5D0087F127 /* FacebookLogin.swift in Sources */,
				630336091D6222040051FAB8 /* LeadingViewController.swift in Sources */,
				630335FF1D6221F50051FAB8 /* MainBasicViewController.swift in Sources */,
				6351A8561D627D77009AD9A0 /* MainNavViewController.swift in Sources */,
				630336011D6221F50051FAB8 /* CreatePhoneViewController.swift in Sources */,
				6397F6CB1D80965C00BC3ABC /* CreateUserHeadImageViewController.swift in Sources */,
				6303360A1D6222040051FAB8 /* MainExtension.swift in Sources */,
				637DE70D1D668E720087F127 /* FaceDetectViewController.swift in Sources */,
				63C695F91D5EA8DF0049AE3E /* AppDelegate.swift in Sources */,
				6397F6C81D7F8B0400BC3ABC /* LoginEnterPwdViewController.swift in Sources */,
				637DE7121D676D050087F127 /* TableMenuView.swift in Sources */,
				6397F6C31D7F23A700BC3ABC /* CreatePasswordViewController.swift in Sources */,
				630335FA1D6221EB0051FAB8 /* BaseNavigationController.swift in Sources */,
				637DE71B1D67FDA80087F127 /* CameraViewController.swift in Sources */,
				637DE7161D67AC060087F127 /* WeChatLogin.swift in Sources */,
				637DE7181D67AC440087F127 /* WooCommerceAPI.swift in Sources */,
			);
			runOnlyForDeploymentPostprocessing = 0;
		};
		63C696051D5EA8DF0049AE3E /* Sources */ = {
			isa = PBXSourcesBuildPhase;
			buildActionMask = 2147483647;
			files = (
				63C6960E1D5EA8DF0049AE3E /* ZouqibaTests.swift in Sources */,
			);
			runOnlyForDeploymentPostprocessing = 0;
		};
		63C696101D5EA8DF0049AE3E /* Sources */ = {
			isa = PBXSourcesBuildPhase;
			buildActionMask = 2147483647;
			files = (
				63C696191D5EA8DF0049AE3E /* ZouqibaUITests.swift in Sources */,
			);
			runOnlyForDeploymentPostprocessing = 0;
		};
/* End PBXSourcesBuildPhase section */

/* Begin PBXTargetDependency section */
		63C6960B1D5EA8DF0049AE3E /* PBXTargetDependency */ = {
			isa = PBXTargetDependency;
			target = 63C695F41D5EA8DF0049AE3E /* Zouqiba */;
			targetProxy = 63C6960A1D5EA8DF0049AE3E /* PBXContainerItemProxy */;
		};
		63C696161D5EA8DF0049AE3E /* PBXTargetDependency */ = {
			isa = PBXTargetDependency;
			target = 63C695F41D5EA8DF0049AE3E /* Zouqiba */;
			targetProxy = 63C696151D5EA8DF0049AE3E /* PBXContainerItemProxy */;
		};
/* End PBXTargetDependency section */

/* Begin PBXVariantGroup section */
		630032A61D8509E00010885B /* Localizable.strings */ = {
			isa = PBXVariantGroup;
			children = (
				630032A71D8509E00010885B /* en */,
				630032A91D850A0F0010885B /* zh-Hans */,
				630032AA1D852BE70010885B /* zh-Hant */,
			);
			name = Localizable.strings;
			sourceTree = "<group>";
		};
/* End PBXVariantGroup section */

/* Begin XCBuildConfiguration section */
		63C6961B1D5EA8DF0049AE3E /* Debug */ = {
			isa = XCBuildConfiguration;
			buildSettings = {
				ALWAYS_SEARCH_USER_PATHS = NO;
				CLANG_ANALYZER_LOCALIZABILITY_NONLOCALIZED = YES;
				CLANG_ANALYZER_NONNULL = YES;
				CLANG_CXX_LANGUAGE_STANDARD = "gnu++0x";
				CLANG_CXX_LIBRARY = "libc++";
				CLANG_ENABLE_MODULES = YES;
				CLANG_ENABLE_OBJC_ARC = YES;
				CLANG_WARN_BOOL_CONVERSION = YES;
				CLANG_WARN_CONSTANT_CONVERSION = YES;
				CLANG_WARN_DIRECT_OBJC_ISA_USAGE = YES_ERROR;
				CLANG_WARN_EMPTY_BODY = YES;
				CLANG_WARN_ENUM_CONVERSION = YES;
				CLANG_WARN_INFINITE_RECURSION = YES;
				CLANG_WARN_INT_CONVERSION = YES;
				CLANG_WARN_OBJC_ROOT_CLASS = YES_ERROR;
				CLANG_WARN_SUSPICIOUS_MOVE = YES;
				CLANG_WARN_UNREACHABLE_CODE = YES;
				CLANG_WARN__DUPLICATE_METHOD_MATCH = YES;
				"CODE_SIGN_IDENTITY[sdk=iphoneos*]" = "iPhone Developer";
				COPY_PHASE_STRIP = NO;
				DEBUG_INFORMATION_FORMAT = dwarf;
				ENABLE_STRICT_OBJC_MSGSEND = YES;
				ENABLE_TESTABILITY = YES;
				GCC_C_LANGUAGE_STANDARD = gnu99;
				GCC_DYNAMIC_NO_PIC = NO;
				GCC_NO_COMMON_BLOCKS = YES;
				GCC_OPTIMIZATION_LEVEL = 0;
				GCC_PREPROCESSOR_DEFINITIONS = (
					"DEBUG=1",
					"$(inherited)",
				);
				GCC_WARN_64_TO_32_BIT_CONVERSION = YES;
				GCC_WARN_ABOUT_RETURN_TYPE = YES_ERROR;
				GCC_WARN_UNDECLARED_SELECTOR = YES;
				GCC_WARN_UNINITIALIZED_AUTOS = YES_AGGRESSIVE;
				GCC_WARN_UNUSED_FUNCTION = YES;
				GCC_WARN_UNUSED_VARIABLE = YES;
				IPHONEOS_DEPLOYMENT_TARGET = 9.1;
				MTL_ENABLE_DEBUG_INFO = YES;
				ONLY_ACTIVE_ARCH = YES;
				SDKROOT = iphoneos;
				SWIFT_OPTIMIZATION_LEVEL = "-Onone";
				TARGETED_DEVICE_FAMILY = "1,2";
			};
			name = Debug;
		};
		63C6961C1D5EA8DF0049AE3E /* Release */ = {
			isa = XCBuildConfiguration;
			buildSettings = {
				ALWAYS_SEARCH_USER_PATHS = NO;
				CLANG_ANALYZER_LOCALIZABILITY_NONLOCALIZED = YES;
				CLANG_ANALYZER_NONNULL = YES;
				CLANG_CXX_LANGUAGE_STANDARD = "gnu++0x";
				CLANG_CXX_LIBRARY = "libc++";
				CLANG_ENABLE_MODULES = YES;
				CLANG_ENABLE_OBJC_ARC = YES;
				CLANG_WARN_BOOL_CONVERSION = YES;
				CLANG_WARN_CONSTANT_CONVERSION = YES;
				CLANG_WARN_DIRECT_OBJC_ISA_USAGE = YES_ERROR;
				CLANG_WARN_EMPTY_BODY = YES;
				CLANG_WARN_ENUM_CONVERSION = YES;
				CLANG_WARN_INFINITE_RECURSION = YES;
				CLANG_WARN_INT_CONVERSION = YES;
				CLANG_WARN_OBJC_ROOT_CLASS = YES_ERROR;
				CLANG_WARN_SUSPICIOUS_MOVE = YES;
				CLANG_WARN_UNREACHABLE_CODE = YES;
				CLANG_WARN__DUPLICATE_METHOD_MATCH = YES;
				"CODE_SIGN_IDENTITY[sdk=iphoneos*]" = "iPhone Developer";
				COPY_PHASE_STRIP = NO;
				DEBUG_INFORMATION_FORMAT = "dwarf-with-dsym";
				ENABLE_NS_ASSERTIONS = NO;
				ENABLE_STRICT_OBJC_MSGSEND = YES;
				GCC_C_LANGUAGE_STANDARD = gnu99;
				GCC_NO_COMMON_BLOCKS = YES;
				GCC_WARN_64_TO_32_BIT_CONVERSION = YES;
				GCC_WARN_ABOUT_RETURN_TYPE = YES_ERROR;
				GCC_WARN_UNDECLARED_SELECTOR = YES;
				GCC_WARN_UNINITIALIZED_AUTOS = YES_AGGRESSIVE;
				GCC_WARN_UNUSED_FUNCTION = YES;
				GCC_WARN_UNUSED_VARIABLE = YES;
				IPHONEOS_DEPLOYMENT_TARGET = 9.1;
				MTL_ENABLE_DEBUG_INFO = NO;
				SDKROOT = iphoneos;
				SWIFT_OPTIMIZATION_LEVEL = "-Owholemodule";
				TARGETED_DEVICE_FAMILY = "1,2";
				VALIDATE_PRODUCT = YES;
			};
			name = Release;
		};
		63C6961E1D5EA8DF0049AE3E /* Debug */ = {
			isa = XCBuildConfiguration;
			baseConfigurationReference = C21BCCA9495270319247E751 /* Pods-Zouqiba.debug.xcconfig */;
			buildSettings = {
				ALWAYS_EMBED_SWIFT_STANDARD_LIBRARIES = YES;
				ASSETCATALOG_COMPILER_APPICON_NAME = AppIcon;
				CODE_SIGN_IDENTITY = "iPhone Developer";
				"CODE_SIGN_IDENTITY[sdk=iphoneos*]" = "iPhone Developer";
				DEVELOPMENT_TEAM = VBFKBVHL4L;
				ENABLE_BITCODE = NO;
				INFOPLIST_FILE = Zouqiba/Info.plist;
				IPHONEOS_DEPLOYMENT_TARGET = 9.3;
				LD_RUNPATH_SEARCH_PATHS = "$(inherited) @executable_path/Frameworks";
				LIBRARY_SEARCH_PATHS = (
					"$(inherited)",
					"$(PROJECT_DIR)",
				);
				ONLY_ACTIVE_ARCH = YES;
				PRODUCT_BUNDLE_IDENTIFIER = com.miibox.Zouqiba;
				PRODUCT_NAME = "$(TARGET_NAME)";
				PROVISIONING_PROFILE = "";
				SWIFT_OBJC_BRIDGING_HEADER = "Zouqiba-Bridging-Header.h";
				SWIFT_VERSION = 3.0;
			};
			name = Debug;
		};
		63C6961F1D5EA8DF0049AE3E /* Release */ = {
			isa = XCBuildConfiguration;
			baseConfigurationReference = 7EF7BFB8DD2C57176285C801 /* Pods-Zouqiba.release.xcconfig */;
			buildSettings = {
				ALWAYS_EMBED_SWIFT_STANDARD_LIBRARIES = YES;
				ASSETCATALOG_COMPILER_APPICON_NAME = AppIcon;
				CODE_SIGN_IDENTITY = "iPhone Developer";
				"CODE_SIGN_IDENTITY[sdk=iphoneos*]" = "iPhone Developer";
				DEVELOPMENT_TEAM = VBFKBVHL4L;
				ENABLE_BITCODE = NO;
				INFOPLIST_FILE = Zouqiba/Info.plist;
				IPHONEOS_DEPLOYMENT_TARGET = 9.3;
				LD_RUNPATH_SEARCH_PATHS = "$(inherited) @executable_path/Frameworks";
				LIBRARY_SEARCH_PATHS = (
					"$(inherited)",
					"$(PROJECT_DIR)",
				);
				ONLY_ACTIVE_ARCH = NO;
				PRODUCT_BUNDLE_IDENTIFIER = com.miibox.Zouqiba;
				PRODUCT_NAME = "$(TARGET_NAME)";
				PROVISIONING_PROFILE = "";
				SWIFT_OBJC_BRIDGING_HEADER = "Zouqiba-Bridging-Header.h";
				SWIFT_VERSION = 3.0;
			};
			name = Release;
		};
		63C696211D5EA8DF0049AE3E /* Debug */ = {
			isa = XCBuildConfiguration;
			baseConfigurationReference = AAD1275034D7AB87EB34F172 /* Pods-ZouqibaTests.debug.xcconfig */;
			buildSettings = {
				BUNDLE_LOADER = "$(TEST_HOST)";
				INFOPLIST_FILE = ZouqibaTests/Info.plist;
				LD_RUNPATH_SEARCH_PATHS = "$(inherited) @executable_path/Frameworks @loader_path/Frameworks";
				PRODUCT_BUNDLE_IDENTIFIER = com.miibox.ZouqibaTests;
				PRODUCT_NAME = "$(TARGET_NAME)";
				SWIFT_VERSION = 3.0;
				TEST_HOST = "$(BUILT_PRODUCTS_DIR)/Zouqiba.app/Zouqiba";
			};
			name = Debug;
		};
		63C696221D5EA8DF0049AE3E /* Release */ = {
			isa = XCBuildConfiguration;
			baseConfigurationReference = 94FF06EBB4E5DFF4BEC13839 /* Pods-ZouqibaTests.release.xcconfig */;
			buildSettings = {
				BUNDLE_LOADER = "$(TEST_HOST)";
				INFOPLIST_FILE = ZouqibaTests/Info.plist;
				LD_RUNPATH_SEARCH_PATHS = "$(inherited) @executable_path/Frameworks @loader_path/Frameworks";
				PRODUCT_BUNDLE_IDENTIFIER = com.miibox.ZouqibaTests;
				PRODUCT_NAME = "$(TARGET_NAME)";
				SWIFT_VERSION = 3.0;
				TEST_HOST = "$(BUILT_PRODUCTS_DIR)/Zouqiba.app/Zouqiba";
			};
			name = Release;
		};
		63C696241D5EA8DF0049AE3E /* Debug */ = {
			isa = XCBuildConfiguration;
			baseConfigurationReference = 33F575CB2540E692322F6B55 /* Pods-ZouqibaUITests.debug.xcconfig */;
			buildSettings = {
				INFOPLIST_FILE = ZouqibaUITests/Info.plist;
				LD_RUNPATH_SEARCH_PATHS = "$(inherited) @executable_path/Frameworks @loader_path/Frameworks";
				PRODUCT_BUNDLE_IDENTIFIER = com.miibox.ZouqibaUITests;
				PRODUCT_NAME = "$(TARGET_NAME)";
				SWIFT_VERSION = 3.0;
				TEST_TARGET_NAME = Zouqiba;
			};
			name = Debug;
		};
		63C696251D5EA8DF0049AE3E /* Release */ = {
			isa = XCBuildConfiguration;
			baseConfigurationReference = 1BFE5FDEEB37C71043920E81 /* Pods-ZouqibaUITests.release.xcconfig */;
			buildSettings = {
				INFOPLIST_FILE = ZouqibaUITests/Info.plist;
				LD_RUNPATH_SEARCH_PATHS = "$(inherited) @executable_path/Frameworks @loader_path/Frameworks";
				PRODUCT_BUNDLE_IDENTIFIER = com.miibox.ZouqibaUITests;
				PRODUCT_NAME = "$(TARGET_NAME)";
				SWIFT_VERSION = 3.0;
				TEST_TARGET_NAME = Zouqiba;
			};
			name = Release;
		};
/* End XCBuildConfiguration section */

/* Begin XCConfigurationList section */
		63C695F01D5EA8DF0049AE3E /* Build configuration list for PBXProject "Zouqiba" */ = {
			isa = XCConfigurationList;
			buildConfigurations = (
				63C6961B1D5EA8DF0049AE3E /* Debug */,
				63C6961C1D5EA8DF0049AE3E /* Release */,
			);
			defaultConfigurationIsVisible = 0;
			defaultConfigurationName = Release;
		};
		63C6961D1D5EA8DF0049AE3E /* Build configuration list for PBXNativeTarget "Zouqiba" */ = {
			isa = XCConfigurationList;
			buildConfigurations = (
				63C6961E1D5EA8DF0049AE3E /* Debug */,
				63C6961F1D5EA8DF0049AE3E /* Release */,
			);
			defaultConfigurationIsVisible = 0;
			defaultConfigurationName = Release;
		};
		63C696201D5EA8DF0049AE3E /* Build configuration list for PBXNativeTarget "ZouqibaTests" */ = {
			isa = XCConfigurationList;
			buildConfigurations = (
				63C696211D5EA8DF0049AE3E /* Debug */,
				63C696221D5EA8DF0049AE3E /* Release */,
			);
			defaultConfigurationIsVisible = 0;
			defaultConfigurationName = Release;
		};
		63C696231D5EA8DF0049AE3E /* Build configuration list for PBXNativeTarget "ZouqibaUITests" */ = {
			isa = XCConfigurationList;
			buildConfigurations = (
				63C696241D5EA8DF0049AE3E /* Debug */,
				63C696251D5EA8DF0049AE3E /* Release */,
			);
			defaultConfigurationIsVisible = 0;
			defaultConfigurationName = Release;
		};
/* End XCConfigurationList section */
	};
	rootObject = 63C695ED1D5EA8DF0049AE3E /* Project object */;
}
