PODS:
  - Alamofire (4.0.0)
  - Bolts (1.8.4):
    - Bolts/AppLinks (= 1.8.4)
    - Bolts/Tasks (= 1.8.4)
  - Bolts/AppLinks (1.8.4):
    - Bolts/Tasks
  - Bolts/Tasks (1.8.4)
  - CHRTextFieldFormatter (1.0.1)
  - Crashlytics (3.7.3):
    - Fabric (~> 1.6.3)
  - Digits (2.3.0):
    - TwitterCore (= 2.3.0)
  - Fabric (1.6.8)
  - FBSDKCoreKit (4.14.0):
    - Bolts (~> 1.7)
  - FBSDKLoginKit (4.14.0):
    - FBSDKCoreKit
  - FBSDKShareKit (4.14.0):
    - FBSDKCoreKit
  - ImagePicker (1.4.0)
  - JGProgressHUD (1.4)
  - Kanna (1.1.0)
  - TwitterCore (2.3.0):
    - Fabric

DEPENDENCIES:
  - Alamofire (~> 4.0)
  - CHRTextFieldFormatter
  - Crashlytics
  - Digits
  - Fabric
  - FBSDKCoreKit
  - FBSDKLoginKit
  - FBSDKShareKit
  - ImagePicker
  - JGProgressHUD
  - Kanna
  - TwitterCore

SPEC CHECKSUMS:
  Alamofire: fef59f00388f267e52d9b432aa5d93dc97190f14
  Bolts: 8a7995239dbe724f9cba2248b766d48b7ebdd322
  CHRTextFieldFormatter: 13b6449dbd421d97b6e179e50d817165f9feebec
  Crashlytics: 76f6beaff70acf226139582c09c78461597c2b98
  Digits: af82d24ec38035cc555b60f55cca5abc68a76bed
  Fabric: 5755268d0171435ab167e3d0878a28a777deaf10
  FBSDKCoreKit: 6e020b5db0b5bd1e01f5fb0902131befd129a502
  FBSDKLoginKit: da563567a108050ef83739c8c8c001ee9e25fa13
  FBSDKShareKit: e8e5d4ccef69b41132fe33acda26db1e33143e33
  ImagePicker: 6659ccdd4737bfa14ed3b4aa7ffe18b193d92a0c
  JGProgressHUD: 1617b0940cf80bb53e8f7d6f0fd69252ea45d6d4
  Kanna: 355ed0193e5d8caf4fd996856b5bc98d586c11b6
  TwitterCore: 817eae3e291fa4125b47789e26a4f6f024115c1f

PODFILE CHECKSUM: 9be38f25291a64c461f4ba3f12d02999a4022e19

COCOAPODS: 1.1.0.rc.2
